
Microsoft Visual Studio Solution File, Format Version 12.00
# Visual Studio Version 16
VisualStudioVersion = 16.0.31624.102
MinimumVisualStudioVersion = 10.0.40219.1
Project("{FAE04EC0-301F-11D3-BF4B-00C04F79EFBC}") = "RestObligatorisk", "RestObligatorisk\RestObligatorisk.csproj", "{D6BFFD00-10EF-47D1-AFAA-FC055ACC1096}"
EndProject
Global
	GlobalSection(SolutionConfigurationPlatforms) = preSolution
		Debug|Any CPU = Debug|Any CPU
		Release|Any CPU = Release|Any CPU
	EndGlobalSection
	GlobalSection(ProjectConfigurationPlatforms) = postSolution
		{D6BFFD00-10EF-47D1-AFAA-FC055ACC1096}.Debug|Any CPU.ActiveCfg = Debug|Any CPU
		{D6BFFD00-10EF-47D1-AFAA-FC055ACC1096}.Debug|Any CPU.Build.0 = Debug|Any CPU
		{D6BFFD00-10EF-47D1-AFAA-FC055ACC1096}.Release|Any CPU.ActiveCfg = Release|Any CPU
		{D6BFFD00-10EF-47D1-AFAA-FC055ACC1096}.Release|Any CPU.Build.0 = Release|Any CPU
	EndGlobalSection
	GlobalSection(SolutionProperties) = preSolution
		HideSolutionNode = FALSE
	EndGlobalSection
	GlobalSection(ExtensibilityGlobals) = postSolution
		SolutionGuid = {F5D6860B-CD03-4807-85D9-23E90DAE8186}
	EndGlobalSection
EndGlobal
